<?xml version="1.0" encoding="utf-8"?>
<Project ToolsVersion="4.0" xmlns="http://schemas.microsoft.com/developer/msbuild/2003">
  <ItemGroup>
    <Filter Include="src">
      <UniqueIdentifier>{4FC737F1-C7A5-4376-A066-2A32D752A2FF}</UniqueIdentifier>
      <Extensions>cpp;c;cc;cxx;def;odl;idl;hpj;bat;asm;asmx</Extensions>
    </Filter>
    <Filter Include="src\common">
      <UniqueIdentifier>{c1662522-7ed5-455d-a6dd-43bd40c68af3}</UniqueIdentifier>
    </Filter>
    <Filter Include="src\builder">
      <UniqueIdentifier>{555209c4-e4b6-4fb1-bd22-9256abdd67ad}</UniqueIdentifier>
    </Filter>
    <Filter Include="src\infer">
      <UniqueIdentifier>{ccaa2911-0572-4115-9b6b-78e2ff4844f6}</UniqueIdentifier>
    </Filter>
    <Filter Include="src\examples">
      <UniqueIdentifier>{a8e99737-8d11-40c0-8e71-15bbea97af59}</UniqueIdentifier>
    </Filter>
    <Filter Include="src\core">
      <UniqueIdentifier>{0b3a1df6-c08d-4090-9187-fe0510ff0ce2}</UniqueIdentifier>
    </Filter>
    <Filter Include="src\caffeplugin">
      <UniqueIdentifier>{6c004e22-c9ce-46df-b1eb-2f85f3d2cfa6}</UniqueIdentifier>
    </Filter>
    <Filter Include="src\caffeplugin\plugins">
      <UniqueIdentifier>{4677896f-6a13-4756-897f-e9b5408d992f}</UniqueIdentifier>
    </Filter>
  </ItemGroup>
  <ItemGroup>
    <ClCompile Include="src\import_lib.cpp">
      <Filter>src</Filter>
    </ClCompile>
    <ClCompile Include="src\common\cc_util.cpp">
      <Filter>src\common</Filter>
    </ClCompile>
    <ClCompile Include="src\builder\trt_builder.cpp">
      <Filter>src\builder</Filter>
    </ClCompile>
    <ClCompile Include="src\infer\trt_infer.cpp">
      <Filter>src\infer</Filter>
    </ClCompile>
    <ClCompile Include="src\main.cpp">
      <Filter>src</Filter>
    </ClCompile>
    <ClCompile Include="src\common\json.cpp">
      <Filter>src\common</Filter>
    </ClCompile>
    <ClCompile Include="src\common\trt_common.cpp">
      <Filter>src\common</Filter>
    </ClCompile>
    <ClCompile Include="src\core\yolov5.cpp">
      <Filter>src\core</Filter>
    </ClCompile>
    <ClCompile Include="src\caffeplugin\caffeplugin.cpp">
      <Filter>src\caffeplugin</Filter>
    </ClCompile>
    <ClCompile Include="src\core\detection.cpp">
      <Filter>src\core</Filter>
    </ClCompile>
    <ClCompile Include="src\core\nanodet.cpp">
      <Filter>src\core</Filter>
    </ClCompile>
    <ClCompile Include="src\core\centerface.cpp">
      <Filter>src\core</Filter>
    </ClCompile>
    <ClCompile Include="src\core\retinaface.cpp">
      <Filter>src\core</Filter>
    </ClCompile>
    <ClCompile Include="src\core\arcface.cpp">
      <Filter>src\core</Filter>
    </ClCompile>
    <ClCompile Include="src\core\aligner.cpp">
      <Filter>src\core</Filter>
    </ClCompile>
    <ClCompile Include="src\core\ghostnet.cpp">
      <Filter>src\core</Filter>
    </ClCompile>
    <ClCompile Include="src\core\trtmodel.cpp">
      <Filter>src\core</Filter>
    </ClCompile>
  </ItemGroup>
  <ItemGroup>
    <ClInclude Include="src\common\cc_util.hpp">
      <Filter>src\common</Filter>
    </ClInclude>
    <ClInclude Include="src\builder\trt_builder.hpp">
      <Filter>src\builder</Filter>
    </ClInclude>
    <ClInclude Include="src\infer\trt_infer.hpp">
      <Filter>src\infer</Filter>
    </ClInclude>
    <ClInclude Include="src\infer\task_pool.hpp">
      <Filter>src\infer</Filter>
    </ClInclude>
    <ClInclude Include="src\common\json.hpp">
      <Filter>src\common</Filter>
    </ClInclude>
    <ClInclude Include="src\common\trt_common.hpp">
      <Filter>src\common</Filter>
    </ClInclude>
    <ClInclude Include="src\infer\trt_backend.hpp">
      <Filter>src\infer</Filter>
    </ClInclude>
    <ClInclude Include="src\core\yolov5.h">
      <Filter>src\core</Filter>
    </ClInclude>
    <ClInclude Include="src\caffeplugin\caffeplugin.hpp">
      <Filter>src\caffeplugin</Filter>
    </ClInclude>
    <ClInclude Include="src\caffeplugin\plugins\ChannelMultiplicationLayer.hpp">
      <Filter>src\caffeplugin\plugins</Filter>
    </ClInclude>
    <ClInclude Include="src\caffeplugin\plugins\ClipLayer.hpp">
      <Filter>src\caffeplugin\plugins</Filter>
    </ClInclude>
    <ClInclude Include="src\caffeplugin\plugins\DCNLayer.hpp">
      <Filter>src\caffeplugin\plugins</Filter>
    </ClInclude>
    <ClInclude Include="src\caffeplugin\plugins\PlexShuffleLayer.hpp">
      <Filter>src\caffeplugin\plugins</Filter>
    </ClInclude>
    <ClInclude Include="src\caffeplugin\plugins\TestPlugin.hpp">
      <Filter>src\caffeplugin\plugins</Filter>
    </ClInclude>
    <ClInclude Include="src\infer\yolov5_detect_backend.hpp">
      <Filter>src\infer</Filter>
    </ClInclude>
    <ClInclude Include="src\core\detection.h">
      <Filter>src\core</Filter>
    </ClInclude>
    <ClInclude Include="src\core\nanodet.h">
      <Filter>src\core</Filter>
    </ClInclude>
    <ClInclude Include="src\infer\nanodet_backend.hpp">
      <Filter>src\infer</Filter>
    </ClInclude>
    <ClInclude Include="src\core\centerface.h">
      <Filter>src\core</Filter>
    </ClInclude>
    <ClInclude Include="src\infer\centerface_backend.hpp">
      <Filter>src\infer</Filter>
    </ClInclude>
    <ClInclude Include="src\core\retinaface.h">
      <Filter>src\core</Filter>
    </ClInclude>
    <ClInclude Include="src\infer\retinaface_backend.hpp">
      <Filter>src\infer</Filter>
    </ClInclude>
    <ClInclude Include="src\core\arcface.h">
      <Filter>src\core</Filter>
    </ClInclude>
    <ClInclude Include="src\core\aligner.h">
      <Filter>src\core</Filter>
    </ClInclude>
    <ClInclude Include="src\core\ghostnet.h">
      <Filter>src\core</Filter>
    </ClInclude>
    <ClInclude Include="src\core\trtmodel.h">
      <Filter>src\core</Filter>
    </ClInclude>
  </ItemGroup>
  <ItemGroup>
    <CudaCompile Include="src\infer\trt_infer_norm.cu">
      <Filter>src\infer</Filter>
    </CudaCompile>
    <CudaCompile Include="src\infer\trt_backend.cpp">
      <Filter>src\infer</Filter>
    </CudaCompile>
    <CudaCompile Include="src\caffeplugin\plugins\ChannelMultiplicationLayer.cu">
      <Filter>src\caffeplugin\plugins</Filter>
    </CudaCompile>
    <CudaCompile Include="src\caffeplugin\plugins\ClipLayer.cu">
      <Filter>src\caffeplugin\plugins</Filter>
    </CudaCompile>
    <CudaCompile Include="src\caffeplugin\plugins\DCNLayer.cu">
      <Filter>src\caffeplugin\plugins</Filter>
    </CudaCompile>
    <CudaCompile Include="src\caffeplugin\plugins\PlexShuffleLayer.cu">
      <Filter>src\caffeplugin\plugins</Filter>
    </CudaCompile>
    <CudaCompile Include="src\caffeplugin\plugins\TestPlugin.cu">
      <Filter>src\caffeplugin\plugins</Filter>
    </CudaCompile>
    <CudaCompile Include="src\infer\yolov5_detect_backend.cu">
      <Filter>src\infer</Filter>
    </CudaCompile>
    <CudaCompile Include="src\infer\nanodet_backend.cu">
      <Filter>src\infer</Filter>
    </CudaCompile>
    <CudaCompile Include="src\infer\centerface_backend.cu">
      <Filter>src\infer</Filter>
    </CudaCompile>
    <CudaCompile Include="src\infer\retinaface_backend.cu">
      <Filter>src\infer</Filter>
    </CudaCompile>
  </ItemGroup>
</Project>