<?xml version="1.0" encoding="utf-8"?>
<Project ToolsVersion="4.0" xmlns="http://schemas.microsoft.com/developer/msbuild/2003">
  <ItemGroup>
    <Filter Include="src">
      <UniqueIdentifier>{4FC737F1-C7A5-4376-A066-2A32D752A2FF}</UniqueIdentifier>
      <Extensions>cpp;c;cc;cxx;def;odl;idl;hpj;bat;asm;asmx</Extensions>
    </Filter>
    <Filter Include="src\common">
      <UniqueIdentifier>{c1662522-7ed5-455d-a6dd-43bd40c68af3}</UniqueIdentifier>
    </Filter>
    <Filter Include="src\builder">
      <UniqueIdentifier>{555209c4-e4b6-4fb1-bd22-9256abdd67ad}</UniqueIdentifier>
    </Filter>
    <Filter Include="src\infer">
      <UniqueIdentifier>{ccaa2911-0572-4115-9b6b-78e2ff4844f6}</UniqueIdentifier>
    </Filter>
    <Filter Include="src\core">
      <UniqueIdentifier>{0b3a1df6-c08d-4090-9187-fe0510ff0ce2}</UniqueIdentifier>
    </Filter>
    <Filter Include="src\caffeplugin">
      <UniqueIdentifier>{6c004e22-c9ce-46df-b1eb-2f85f3d2cfa6}</UniqueIdentifier>
    </Filter>
    <Filter Include="src\caffeplugin\plugins">
      <UniqueIdentifier>{4677896f-6a13-4756-897f-e9b5408d992f}</UniqueIdentifier>
    </Filter>
    <Filter Include="src\core\face">
      <UniqueIdentifier>{a725af7b-8305-4a37-9438-62ba1d60bfa3}</UniqueIdentifier>
    </Filter>
    <Filter Include="src\core\face\attribute">
      <UniqueIdentifier>{262532a5-48dc-4546-802f-02440ce3a891}</UniqueIdentifier>
    </Filter>
    <Filter Include="src\core\face\landmark">
      <UniqueIdentifier>{eb8c7e4f-e9cb-4c65-9db1-237698831ff2}</UniqueIdentifier>
    </Filter>
    <Filter Include="src\core\face\recognize">
      <UniqueIdentifier>{b2dddbc2-c4a8-436b-ab3a-5b04c8b40152}</UniqueIdentifier>
    </Filter>
    <Filter Include="src\core\object">
      <UniqueIdentifier>{9fe4ccc3-595a-486c-aef9-862993d3277a}</UniqueIdentifier>
    </Filter>
    <Filter Include="src\core\classifier">
      <UniqueIdentifier>{b150f087-879a-4288-8269-83e4484002bd}</UniqueIdentifier>
    </Filter>
    <Filter Include="src\core\face\detect">
      <UniqueIdentifier>{55a96249-0a67-4bfe-8ae3-a61a45fd0722}</UniqueIdentifier>
    </Filter>
    <Filter Include="src\core\base">
      <UniqueIdentifier>{6976e0a4-cfe0-4d8e-a885-cd93009e21af}</UniqueIdentifier>
    </Filter>
    <Filter Include="src\core\face\database">
      <UniqueIdentifier>{55e6d666-8587-41eb-8121-455cd8a4dacf}</UniqueIdentifier>
    </Filter>
    <Filter Include="src\core\face\database\stream">
      <UniqueIdentifier>{4f4b72ca-ac2e-461f-a87d-d3630477a42f}</UniqueIdentifier>
    </Filter>
    <Filter Include="src\core\object\nanodet">
      <UniqueIdentifier>{63cdb6ce-47bf-436f-99d3-2f4cf014ed03}</UniqueIdentifier>
    </Filter>
    <Filter Include="src\core\object\yolo">
      <UniqueIdentifier>{f409194d-ce32-498a-a9fe-ad43341f5baa}</UniqueIdentifier>
    </Filter>
    <Filter Include="src\onnx">
      <UniqueIdentifier>{0e3bc627-3b04-4c1a-8b1b-e68c8fd515f4}</UniqueIdentifier>
    </Filter>
    <Filter Include="src\onnx_parser">
      <UniqueIdentifier>{181beee0-62e0-47ef-b951-a7edf57c28d2}</UniqueIdentifier>
    </Filter>
    <Filter Include="src\onnxplugin">
      <UniqueIdentifier>{2c3548cc-d786-47c6-9f26-140e2a214f4a}</UniqueIdentifier>
    </Filter>
    <Filter Include="src\onnxplugin\plugins">
      <UniqueIdentifier>{98bf1b2d-9ba0-4426-9abd-a465ea8d134d}</UniqueIdentifier>
    </Filter>
    <Filter Include="src\core\object\centernet">
      <UniqueIdentifier>{01625c61-240a-4ec5-b759-6b0a642028a0}</UniqueIdentifier>
    </Filter>
    <Filter Include="src\core\LPR">
      <UniqueIdentifier>{79c65285-d4c2-4cd6-b561-219067b1ac09}</UniqueIdentifier>
    </Filter>
    <Filter Include="src\core\LPR\detect">
      <UniqueIdentifier>{0b40ff7e-71c1-47cc-ba46-a9d1fdd5e178}</UniqueIdentifier>
    </Filter>
    <Filter Include="src\core\LPR\recognize">
      <UniqueIdentifier>{ff55ed54-281d-4371-803d-36ee3147b4cb}</UniqueIdentifier>
    </Filter>
  </ItemGroup>
  <ItemGroup>
    <ClCompile Include="src\import_lib.cpp">
      <Filter>src</Filter>
    </ClCompile>
    <ClCompile Include="src\common\cc_util.cpp">
      <Filter>src\common</Filter>
    </ClCompile>
    <ClCompile Include="src\builder\trt_builder.cpp">
      <Filter>src\builder</Filter>
    </ClCompile>
    <ClCompile Include="src\infer\trt_infer.cpp">
      <Filter>src\infer</Filter>
    </ClCompile>
    <ClCompile Include="src\main.cpp">
      <Filter>src</Filter>
    </ClCompile>
    <ClCompile Include="src\common\json.cpp">
      <Filter>src\common</Filter>
    </ClCompile>
    <ClCompile Include="src\common\trt_common.cpp">
      <Filter>src\common</Filter>
    </ClCompile>
    <ClCompile Include="src\caffeplugin\caffeplugin.cpp">
      <Filter>src\caffeplugin</Filter>
    </ClCompile>
    <ClCompile Include="src\core\classifier\ghostnet.cpp">
      <Filter>src\core\classifier</Filter>
    </ClCompile>
    <ClCompile Include="src\core\face\detect\centerface.cpp">
      <Filter>src\core\face\detect</Filter>
    </ClCompile>
    <ClCompile Include="src\core\face\detect\retinaface.cpp">
      <Filter>src\core\face\detect</Filter>
    </ClCompile>
    <ClCompile Include="src\core\face\attribute\gender_age.cpp">
      <Filter>src\core\face\attribute</Filter>
    </ClCompile>
    <ClCompile Include="src\core\face\recognize\aligner.cpp">
      <Filter>src\core\face\recognize</Filter>
    </ClCompile>
    <ClCompile Include="src\core\face\recognize\arcface.cpp">
      <Filter>src\core\face\recognize</Filter>
    </ClCompile>
    <ClCompile Include="src\core\base\detection.cpp">
      <Filter>src\core\base</Filter>
    </ClCompile>
    <ClCompile Include="src\core\base\trtmodel.cpp">
      <Filter>src\core\base</Filter>
    </ClCompile>
    <ClCompile Include="src\core\face\face_engine.cpp">
      <Filter>src\core\face</Filter>
    </ClCompile>
    <ClCompile Include="src\core\face\database\stream\file_stream.cpp">
      <Filter>src\core\face\database\stream</Filter>
    </ClCompile>
    <ClCompile Include="src\core\face\database\face_database.cpp">
      <Filter>src\core\face\database</Filter>
    </ClCompile>
    <ClCompile Include="src\core\object\nanodet\nanodet.cpp">
      <Filter>src\core\object\nanodet</Filter>
    </ClCompile>
    <ClCompile Include="src\core\object\yolo\yolov5.cpp">
      <Filter>src\core\object\yolo</Filter>
    </ClCompile>
    <ClCompile Include="src\core\object\object_engine.cpp">
      <Filter>src\core\object</Filter>
    </ClCompile>
    <ClCompile Include="src\onnx_parser\builtin_op_importers.cpp">
      <Filter>src\onnx_parser</Filter>
    </ClCompile>
    <ClCompile Include="src\onnx_parser\LoopHelpers.cpp">
      <Filter>src\onnx_parser</Filter>
    </ClCompile>
    <ClCompile Include="src\onnx_parser\ModelImporter.cpp">
      <Filter>src\onnx_parser</Filter>
    </ClCompile>
    <ClCompile Include="src\onnx_parser\NvOnnxParser.cpp">
      <Filter>src\onnx_parser</Filter>
    </ClCompile>
    <ClCompile Include="src\onnx_parser\onnx2trt_utils.cpp">
      <Filter>src\onnx_parser</Filter>
    </ClCompile>
    <ClCompile Include="src\onnx_parser\OnnxAttrs.cpp">
      <Filter>src\onnx_parser</Filter>
    </ClCompile>
    <ClCompile Include="src\onnx_parser\RNNHelpers.cpp">
      <Filter>src\onnx_parser</Filter>
    </ClCompile>
    <ClCompile Include="src\onnx_parser\ShapedWeights.cpp">
      <Filter>src\onnx_parser</Filter>
    </ClCompile>
    <ClCompile Include="src\onnx_parser\ShapeTensor.cpp">
      <Filter>src\onnx_parser</Filter>
    </ClCompile>
    <ClCompile Include="src\onnx\onnx_ONNX_NAMESPACE-ml.pb.cpp">
      <Filter>src\onnx</Filter>
    </ClCompile>
    <ClCompile Include="src\onnx\onnx-operators_ONNX_NAMESPACE-ml.pb.cpp">
      <Filter>src\onnx</Filter>
    </ClCompile>
    <ClCompile Include="src\onnxplugin\onnxplugin.cpp">
      <Filter>src\onnxplugin</Filter>
    </ClCompile>
    <ClCompile Include="src\core\object\centernet\centernet.cpp">
      <Filter>src\core\object\centernet</Filter>
    </ClCompile>
    <ClCompile Include="src\core\face\detect\dbface.cpp">
      <Filter>src\core\face\detect</Filter>
    </ClCompile>
    <ClCompile Include="src\core\face\landmark\landmark.cpp">
      <Filter>src\core\face\landmark</Filter>
    </ClCompile>
    <ClCompile Include="src\core\LPR\detect\retinalp.cpp">
      <Filter>src\core\LPR\detect</Filter>
    </ClCompile>
    <ClCompile Include="src\core\LPR\recognize\lprnet.cpp">
      <Filter>src\core\LPR\recognize</Filter>
    </ClCompile>
    <ClCompile Include="src\core\LPR\lpr_engine.cpp">
      <Filter>src\core\LPR</Filter>
    </ClCompile>
    <ClCompile Include="src\core\LPR\recognize\crop_lp.cpp">
      <Filter>src\core\LPR\recognize</Filter>
    </ClCompile>
    <ClCompile Include="src\common\putText.cpp">
      <Filter>src\common</Filter>
    </ClCompile>
  </ItemGroup>
  <ItemGroup>
    <ClInclude Include="src\common\cc_util.hpp">
      <Filter>src\common</Filter>
    </ClInclude>
    <ClInclude Include="src\builder\trt_builder.hpp">
      <Filter>src\builder</Filter>
    </ClInclude>
    <ClInclude Include="src\infer\trt_infer.hpp">
      <Filter>src\infer</Filter>
    </ClInclude>
    <ClInclude Include="src\infer\task_pool.hpp">
      <Filter>src\infer</Filter>
    </ClInclude>
    <ClInclude Include="src\common\json.hpp">
      <Filter>src\common</Filter>
    </ClInclude>
    <ClInclude Include="src\common\trt_common.hpp">
      <Filter>src\common</Filter>
    </ClInclude>
    <ClInclude Include="src\infer\trt_backend.hpp">
      <Filter>src\infer</Filter>
    </ClInclude>
    <ClInclude Include="src\caffeplugin\caffeplugin.hpp">
      <Filter>src\caffeplugin</Filter>
    </ClInclude>
    <ClInclude Include="src\caffeplugin\plugins\ChannelMultiplicationLayer.hpp">
      <Filter>src\caffeplugin\plugins</Filter>
    </ClInclude>
    <ClInclude Include="src\caffeplugin\plugins\ClipLayer.hpp">
      <Filter>src\caffeplugin\plugins</Filter>
    </ClInclude>
    <ClInclude Include="src\caffeplugin\plugins\DCNLayer.hpp">
      <Filter>src\caffeplugin\plugins</Filter>
    </ClInclude>
    <ClInclude Include="src\caffeplugin\plugins\PlexShuffleLayer.hpp">
      <Filter>src\caffeplugin\plugins</Filter>
    </ClInclude>
    <ClInclude Include="src\caffeplugin\plugins\TestPlugin.hpp">
      <Filter>src\caffeplugin\plugins</Filter>
    </ClInclude>
    <ClInclude Include="src\infer\yolov5_detect_backend.hpp">
      <Filter>src\infer</Filter>
    </ClInclude>
    <ClInclude Include="src\infer\nanodet_backend.hpp">
      <Filter>src\infer</Filter>
    </ClInclude>
    <ClInclude Include="src\infer\centerface_backend.hpp">
      <Filter>src\infer</Filter>
    </ClInclude>
    <ClInclude Include="src\infer\retinaface_backend.hpp">
      <Filter>src\infer</Filter>
    </ClInclude>
    <ClInclude Include="src\core\classifier\ghostnet.h">
      <Filter>src\core\classifier</Filter>
    </ClInclude>
    <ClInclude Include="src\core\face\detect\centerface.h">
      <Filter>src\core\face\detect</Filter>
    </ClInclude>
    <ClInclude Include="src\core\face\detect\retinaface.h">
      <Filter>src\core\face\detect</Filter>
    </ClInclude>
    <ClInclude Include="src\core\face\attribute\gender_age.h">
      <Filter>src\core\face\attribute</Filter>
    </ClInclude>
    <ClInclude Include="src\core\face\recognize\aligner.h">
      <Filter>src\core\face\recognize</Filter>
    </ClInclude>
    <ClInclude Include="src\core\face\recognize\arcface.h">
      <Filter>src\core\face\recognize</Filter>
    </ClInclude>
    <ClInclude Include="src\core\base\detection.h">
      <Filter>src\core\base</Filter>
    </ClInclude>
    <ClInclude Include="src\core\base\trtmodel.h">
      <Filter>src\core\base</Filter>
    </ClInclude>
    <ClInclude Include="src\core\face\face_engine.h">
      <Filter>src\core\face</Filter>
    </ClInclude>
    <ClInclude Include="src\core\face\database\stream\file_stream.h">
      <Filter>src\core\face\database\stream</Filter>
    </ClInclude>
    <ClInclude Include="src\core\face\database\face_database.h">
      <Filter>src\core\face\database</Filter>
    </ClInclude>
    <ClInclude Include="src\core\object\nanodet\nanodet.h">
      <Filter>src\core\object\nanodet</Filter>
    </ClInclude>
    <ClInclude Include="src\core\object\yolo\yolov5.h">
      <Filter>src\core\object\yolo</Filter>
    </ClInclude>
    <ClInclude Include="src\core\object\object_engine.h">
      <Filter>src\core\object</Filter>
    </ClInclude>
    <ClInclude Include="src\onnx_parser\builtin_op_importers.hpp">
      <Filter>src\onnx_parser</Filter>
    </ClInclude>
    <ClInclude Include="src\onnx_parser\common.hpp">
      <Filter>src\onnx_parser</Filter>
    </ClInclude>
    <ClInclude Include="src\onnx_parser\ImporterContext.hpp">
      <Filter>src\onnx_parser</Filter>
    </ClInclude>
    <ClInclude Include="src\onnx_parser\LoopHelpers.hpp">
      <Filter>src\onnx_parser</Filter>
    </ClInclude>
    <ClInclude Include="src\onnx_parser\ModelImporter.hpp">
      <Filter>src\onnx_parser</Filter>
    </ClInclude>
    <ClInclude Include="src\onnx_parser\NvOnnxParser.h">
      <Filter>src\onnx_parser</Filter>
    </ClInclude>
    <ClInclude Include="src\onnx_parser\onnx_utils.hpp">
      <Filter>src\onnx_parser</Filter>
    </ClInclude>
    <ClInclude Include="src\onnx_parser\onnx2trt.hpp">
      <Filter>src\onnx_parser</Filter>
    </ClInclude>
    <ClInclude Include="src\onnx_parser\onnx2trt_common.hpp">
      <Filter>src\onnx_parser</Filter>
    </ClInclude>
    <ClInclude Include="src\onnx_parser\onnx2trt_runtime.hpp">
      <Filter>src\onnx_parser</Filter>
    </ClInclude>
    <ClInclude Include="src\onnx_parser\onnx2trt_utils.hpp">
      <Filter>src\onnx_parser</Filter>
    </ClInclude>
    <ClInclude Include="src\onnx_parser\OnnxAttrs.hpp">
      <Filter>src\onnx_parser</Filter>
    </ClInclude>
    <ClInclude Include="src\onnx_parser\RNNHelpers.hpp">
      <Filter>src\onnx_parser</Filter>
    </ClInclude>
    <ClInclude Include="src\onnx_parser\ShapedWeights.hpp">
      <Filter>src\onnx_parser</Filter>
    </ClInclude>
    <ClInclude Include="src\onnx_parser\ShapeTensor.hpp">
      <Filter>src\onnx_parser</Filter>
    </ClInclude>
    <ClInclude Include="src\onnx_parser\Status.hpp">
      <Filter>src\onnx_parser</Filter>
    </ClInclude>
    <ClInclude Include="src\onnx_parser\TensorOrWeights.hpp">
      <Filter>src\onnx_parser</Filter>
    </ClInclude>
    <ClInclude Include="src\onnx_parser\toposort.hpp">
      <Filter>src\onnx_parser</Filter>
    </ClInclude>
    <ClInclude Include="src\onnx_parser\trt_utils.hpp">
      <Filter>src\onnx_parser</Filter>
    </ClInclude>
    <ClInclude Include="src\onnx_parser\utils.hpp">
      <Filter>src\onnx_parser</Filter>
    </ClInclude>
    <ClInclude Include="src\onnx\onnx_ONNX_NAMESPACE-ml.pb.h">
      <Filter>src\onnx</Filter>
    </ClInclude>
    <ClInclude Include="src\onnx\onnx_pb.h">
      <Filter>src\onnx</Filter>
    </ClInclude>
    <ClInclude Include="src\onnx\onnx-ml.pb.h">
      <Filter>src\onnx</Filter>
    </ClInclude>
    <ClInclude Include="src\onnx\onnx-operators_ONNX_NAMESPACE-ml.pb.h">
      <Filter>src\onnx</Filter>
    </ClInclude>
    <ClInclude Include="src\onnx\onnx-operators-ml.pb.h">
      <Filter>src\onnx</Filter>
    </ClInclude>
    <ClInclude Include="src\onnxplugin\onnxplugin.hpp">
      <Filter>src\onnxplugin</Filter>
    </ClInclude>
    <ClInclude Include="src\onnxplugin\plugins\DCNv2.hpp">
      <Filter>src\onnxplugin\plugins</Filter>
    </ClInclude>
    <ClInclude Include="src\onnxplugin\plugins\HSigmoid.hpp">
      <Filter>src\onnxplugin\plugins</Filter>
    </ClInclude>
    <ClInclude Include="src\onnxplugin\plugins\HSwish.hpp">
      <Filter>src\onnxplugin\plugins</Filter>
    </ClInclude>
    <ClInclude Include="src\onnxplugin\plugins\MReLU.hpp">
      <Filter>src\onnxplugin\plugins</Filter>
    </ClInclude>
    <ClInclude Include="src\core\object\centernet\centernet.h">
      <Filter>src\core\object\centernet</Filter>
    </ClInclude>
    <ClInclude Include="src\infer\centernet_backend.hpp">
      <Filter>src\infer</Filter>
    </ClInclude>
    <ClInclude Include="src\core\face\detect\dbface.h">
      <Filter>src\core\face\detect</Filter>
    </ClInclude>
    <ClInclude Include="src\infer\dbface_backend.hpp">
      <Filter>src\infer</Filter>
    </ClInclude>
    <ClInclude Include="src\core\face\landmark\landmark.h">
      <Filter>src\core\face\landmark</Filter>
    </ClInclude>
    <ClInclude Include="src\core\LPR\detect\retinalp.h">
      <Filter>src\core\LPR\detect</Filter>
    </ClInclude>
    <ClInclude Include="src\infer\retinalp_backend.hpp">
      <Filter>src\infer</Filter>
    </ClInclude>
    <ClInclude Include="src\core\LPR\recognize\lprnet.h">
      <Filter>src\core\LPR\recognize</Filter>
    </ClInclude>
    <ClInclude Include="src\core\LPR\lpr_engine.h">
      <Filter>src\core\LPR</Filter>
    </ClInclude>
    <ClInclude Include="src\core\LPR\recognize\crop_lp.h">
      <Filter>src\core\LPR\recognize</Filter>
    </ClInclude>
    <ClInclude Include="src\common\putText.h">
      <Filter>src\common</Filter>
    </ClInclude>
  </ItemGroup>
  <ItemGroup>
    <CudaCompile Include="src\infer\trt_infer_norm.cu">
      <Filter>src\infer</Filter>
    </CudaCompile>
    <CudaCompile Include="src\infer\trt_backend.cpp">
      <Filter>src\infer</Filter>
    </CudaCompile>
    <CudaCompile Include="src\caffeplugin\plugins\ChannelMultiplicationLayer.cu">
      <Filter>src\caffeplugin\plugins</Filter>
    </CudaCompile>
    <CudaCompile Include="src\caffeplugin\plugins\ClipLayer.cu">
      <Filter>src\caffeplugin\plugins</Filter>
    </CudaCompile>
    <CudaCompile Include="src\caffeplugin\plugins\DCNLayer.cu">
      <Filter>src\caffeplugin\plugins</Filter>
    </CudaCompile>
    <CudaCompile Include="src\caffeplugin\plugins\PlexShuffleLayer.cu">
      <Filter>src\caffeplugin\plugins</Filter>
    </CudaCompile>
    <CudaCompile Include="src\caffeplugin\plugins\TestPlugin.cu">
      <Filter>src\caffeplugin\plugins</Filter>
    </CudaCompile>
    <CudaCompile Include="src\infer\yolov5_detect_backend.cu">
      <Filter>src\infer</Filter>
    </CudaCompile>
    <CudaCompile Include="src\infer\nanodet_backend.cu">
      <Filter>src\infer</Filter>
    </CudaCompile>
    <CudaCompile Include="src\infer\centerface_backend.cu">
      <Filter>src\infer</Filter>
    </CudaCompile>
    <CudaCompile Include="src\infer\retinaface_backend.cu">
      <Filter>src\infer</Filter>
    </CudaCompile>
    <CudaCompile Include="src\onnxplugin\plugins\DCNv2.cu">
      <Filter>src\onnxplugin\plugins</Filter>
    </CudaCompile>
    <CudaCompile Include="src\onnxplugin\plugins\HSigmoid.cu">
      <Filter>src\onnxplugin\plugins</Filter>
    </CudaCompile>
    <CudaCompile Include="src\onnxplugin\plugins\HSwish.cu">
      <Filter>src\onnxplugin\plugins</Filter>
    </CudaCompile>
    <CudaCompile Include="src\onnxplugin\plugins\MReLU.cu">
      <Filter>src\onnxplugin\plugins</Filter>
    </CudaCompile>
    <CudaCompile Include="src\infer\centernet_backend.cu">
      <Filter>src\infer</Filter>
    </CudaCompile>
    <CudaCompile Include="src\infer\dbface_backend.cu">
      <Filter>src\infer</Filter>
    </CudaCompile>
    <CudaCompile Include="src\infer\retinalp_backend.cu">
      <Filter>src\infer</Filter>
    </CudaCompile>
  </ItemGroup>
</Project>